
Microsoft Visual Studio Solution File, Format Version 12.00
# Visual Studio Version 16
VisualStudioVersion = 16.0.29306.81
MinimumVisualStudioVersion = 10.0.40219.1
Project("{FAE04EC0-301F-11D3-BF4B-00C04F79EFBC}") = "PhotoOrganizer", "PhotoOrganizer\PhotoOrganizer.csproj", "{A8AAA10D-2ACD-49D1-A83E-6BEC1681EA54}"
EndProject
Global
	GlobalSection(SolutionConfigurationPlatforms) = preSolution
		Debug|Any CPU = Debug|Any CPU
		Release|Any CPU = Release|Any CPU
	EndGlobalSection
	GlobalSection(ProjectConfigurationPlatforms) = postSolution
		{A8AAA10D-2ACD-49D1-A83E-6BEC1681EA54}.Debug|Any CPU.ActiveCfg = Debug|Any CPU
		{A8AAA10D-2ACD-49D1-A83E-6BEC1681EA54}.Debug|Any CPU.Build.0 = Debug|Any CPU
		{A8AAA10D-2ACD-49D1-A83E-6BEC1681EA54}.Release|Any CPU.ActiveCfg = Release|Any CPU
		{A8AAA10D-2ACD-49D1-A83E-6BEC1681EA54}.Release|Any CPU.Build.0 = Release|Any CPU
	EndGlobalSection
	GlobalSection(SolutionProperties) = preSolution
		HideSolutionNode = FALSE
	EndGlobalSection
	GlobalSection(ExtensibilityGlobals) = postSolution
		SolutionGuid = {138800CC-4B53-422F-B70D-2FCCA684B8D7}
	EndGlobalSection
EndGlobal
